{
    "_meta": {
        "hash": {
            "sha256": "c8f2218262cd18a9584b6bfe4dfe8f417789a79d5ab4e45bd5ec3dc898cf034c"
        },
        "pipfile-spec": 6,
        "requires": {},
        "sources": [
            {
                "name": "pypi",
                "url": "https://pypi.org/simple",
                "verify_ssl": true
            }
        ]
    },
    "default": {
        "antlr4-python3-runtime": {
            "hashes": [
                "sha256:f224469b4168294902bb1efa80a8bf7855f24c99aef99cbefc1bcd3cce77881b"
            ],
            "version": "==4.9.3"
        },
        "bcp47": {
            "hashes": [
                "sha256:309d3bbaef8d6c9ac59d37ba2167cc6620b4e7467ec8f1e09641b659bb1c0c6d",
                "sha256:4878d2f3e697ef39ef3891a147280705e4377d5a8d7eb0702129b8d4a3718702"
            ],
            "index": "pypi",
            "version": "==0.0.4"
        },
        "isodate": {
            "hashes": [
                "sha256:0751eece944162659049d35f4f549ed815792b38793f07cf73381c1c87cbed96",
                "sha256:48c5881de7e8b0a0d648cb024c8062dc84e7b840ed81e864c7614fd3c127bde9"
            ],
            "version": "==0.6.1"
        },
        "jsonasobj": {
            "hashes": [
                "sha256:b9e329dc1ceaae7cf5d5b214684a0b100e0dad0be6d5bbabac281ec35ddeca65",
                "sha256:d52e0544a54a08f6ea3f77fa3387271e3648655e0eace2f21e825c26370e44a2"
            ],
            "version": "==1.3.1"
        },
        "pyjsg": {
            "hashes": [
                "sha256:10af60ff42219be7e85bf7f11c19b648715b0b29eb2ddbd269e87069a7c3f26d",
                "sha256:4bd6e3ff2833fa2b395bbe803a2d72a5f0bab5b7285bccd0da1a1bc0aee88bfa"
            ],
            "index": "pypi",
            "version": "==0.11.10"
        },
        "pyparsing": {
            "hashes": [
                "sha256:2b020ecf7d21b687f219b71ecad3631f644a47f01403fa1d1036b0c6416d70fb",
                "sha256:5026bae9a10eeaefb61dab2f09052b9f4307d44aee4eda64b309723d8d206bbc"
            ],
            "markers": "python_full_version >= '3.6.8'",
            "version": "==3.0.9"
        },
        "rdflib": {
            "hashes": [
                "sha256:62dc3c86d1712db0f55785baf8047f63731fa59b2682be03219cb89262065942",
                "sha256:85c34a86dfc517a41e5f2425a41a0aceacc23983462b32e68610b9fad1383bca"
            ],
            "index": "pypi",
            "version": "==6.2.0"
        },
        "rdflib-jsonld": {
            "hashes": [
                "sha256:bcf84317e947a661bae0a3f2aee1eced697075fc4ac4db6065a3340ea0f10fc2",
                "sha256:eda5a42a2e09f80d4da78e32b5c684bccdf275368f1541e6b7bcddfb1382a0e0"
            ],
            "version": "==0.6.1"
        },
        "rdflib-shim": {
            "hashes": [
                "sha256:7a853e7750ef1e9bf4e35dea27d54e02d4ed087de5a9e0c329c4a6d82d647081",
                "sha256:d955d11e2986aab42b6830ca56ac6bc9c893abd1d049a161c6de2f1b99d4fc0d"
            ],
            "index": "pypi",
            "version": "==1.0.3"
        },
        "rfc3987": {
            "hashes": [
                "sha256:10702b1e51e5658843460b189b185c0366d2cf4cff716f13111b0ea9fd2dce53",
                "sha256:d3c4d257a560d544e9826b38bc81db676890c79ab9d7ac92b39c7a253d5ca733"
            ],
            "index": "pypi",
            "version": "==1.3.8"
        },
        "setuptools": {
            "hashes": [
                "sha256:7f4bc85450898a09f76ebf28b72fa25bc7111f6c7d665d514a60bba9c75ef2a9",
                "sha256:a3ca5857c89f82f5c9410e8508cb32f4872a3bafd4aa7ae122a24ca33bccc750"
            ],
            "markers": "python_version >= '3.7'",
            "version": "==65.2.0"
        },
        "six": {
            "hashes": [
                "sha256:1e61c37477a1626458e36f7b1d82aa5c9b094fa4802892072e49de9c60c4c926",
                "sha256:8abb2f1d86890a2dfb989f9a77cfcfd3e47c2a354b01111771326f8aa26e0254"
            ],
            "markers": "python_version >= '2.7' and python_version not in '3.0, 3.1, 3.2, 3.3'",
            "version": "==1.16.0"
        }
    },
    "develop": {
        "certifi": {
            "hashes": [
                "sha256:84c85a9078b11105f04f3036a9482ae10e4621616db313fe045dd24743a0820d",
                "sha256:fe86415d55e84719d75f8b69414f6438ac3547d2078ab91b67e779ef69378412"
            ],
            "markers": "python_full_version >= '3.6.0'",
            "version": "==2022.6.15"
        },
        "charset-normalizer": {
            "hashes": [
                "sha256:5a3d016c7c547f69d6f81fb0db9449ce888b418b5b9952cc5e6e66843e9dd845",
                "sha256:83e9a75d1911279afd89352c68b45348559d1fc0506b054b346651b5e7fee29f"
            ],
            "markers": "python_full_version >= '3.6.0'",
            "version": "==2.1.1"
        },
        "idna": {
            "hashes": [
                "sha256:84d9dd047ffa80596e0f246e2eab0b391788b0503584e8945f2368256d2735ff",
                "sha256:9d643ff0a55b762d5cdb124b8eaa99c66322e2157b69160bc32796e824360e6d"
            ],
            "markers": "python_version >= '3.5'",
            "version": "==3.3"
        },
        "requests": {
            "hashes": [
                "sha256:7c5599b102feddaa661c826c56ab4fee28bfd17f5abca1ebbe3e7f19d7c97983",
                "sha256:8fefa2a1a1365bf5520aac41836fbee479da67864514bdb821f31ce07ce65349"
            ],
            "index": "pypi",
            "version": "==2.28.1"
        },
        "urllib3": {
            "hashes": [
                "sha256:c33ccba33c819596124764c23a97d25f32b28433ba0dedeb77d873a38722c9bc",
                "sha256:ea6e8fb210b19d950fab93b60c9009226c63a28808bc8386e05301e25883ac0a"
            ],
            "markers": "python_version >= '2.7' and python_version not in '3.0, 3.1, 3.2, 3.3, 3.4, 3.5' and python_version < '4'",
            "version": "==1.26.11"
        }
    }
}
